
Microsoft Visual Studio Solution File, Format Version 12.00
# Visual Studio Version 16
VisualStudioVersion = 16.0.31424.327
MinimumVisualStudioVersion = 10.0.40219.1
Project("{FAE04EC0-301F-11D3-BF4B-00C04F79EFBC}") = "Generic", "Generic\Generic.csproj", "{9AC9B71B-3906-408D-A26D-1E2A8D049DD0}"
EndProject
Project("{FAE04EC0-301F-11D3-BF4B-00C04F79EFBC}") = "TestingGeneric", "TestingGeneric\TestingGeneric.csproj", "{C34A193E-5CE0-4DBB-8FD5-A8F315540545}"
EndProject
Global
	GlobalSection(SolutionConfigurationPlatforms) = preSolution
		Debug|Any CPU = Debug|Any CPU
		Release|Any CPU = Release|Any CPU
	EndGlobalSection
	GlobalSection(ProjectConfigurationPlatforms) = postSolution
		{9AC9B71B-3906-408D-A26D-1E2A8D049DD0}.Debug|Any CPU.ActiveCfg = Debug|Any CPU
		{9AC9B71B-3906-408D-A26D-1E2A8D049DD0}.Debug|Any CPU.Build.0 = Debug|Any CPU
		{9AC9B71B-3906-408D-A26D-1E2A8D049DD0}.Release|Any CPU.ActiveCfg = Release|Any CPU
		{9AC9B71B-3906-408D-A26D-1E2A8D049DD0}.Release|Any CPU.Build.0 = Release|Any CPU
		{C34A193E-5CE0-4DBB-8FD5-A8F315540545}.Debug|Any CPU.ActiveCfg = Debug|Any CPU
		{C34A193E-5CE0-4DBB-8FD5-A8F315540545}.Debug|Any CPU.Build.0 = Debug|Any CPU
		{C34A193E-5CE0-4DBB-8FD5-A8F315540545}.Release|Any CPU.ActiveCfg = Release|Any CPU
		{C34A193E-5CE0-4DBB-8FD5-A8F315540545}.Release|Any CPU.Build.0 = Release|Any CPU
	EndGlobalSection
	GlobalSection(SolutionProperties) = preSolution
		HideSolutionNode = FALSE
	EndGlobalSection
	GlobalSection(ExtensibilityGlobals) = postSolution
		SolutionGuid = {FC125286-6DB3-4281-AFF6-B98BFC407017}
	EndGlobalSection
EndGlobal
